dependencies:
- name: clickhouse
  repository: https://helm.altinity.com
  version: 0.3.4
- name: opentelemetry-operator
  repository: https://open-telemetry.github.io/opentelemetry-helm-charts
  version: 0.99.2
- name: opentelemetry-collector
  repository: https://open-telemetry.github.io/opentelemetry-helm-charts
  version: 0.140.1
- name: opentelemetry-collector
  repository: https://open-telemetry.github.io/opentelemetry-helm-charts
  version: 0.140.1
- name: grafana
  repository: https://grafana.github.io/helm-charts
  version: 10.3.0
digest: sha256:c6c52f034a8d6109d87d7fd244f9a63a2db05a177296afdc31a2ba30460cd648
generated: "2025-12-07T20:50:26.746161-05:00"
