dependencies:
- name: clickhouse
  repository: https://helm.altinity.com
  version: 0.3.13
- name: opentelemetry-operator
  repository: https://open-telemetry.github.io/opentelemetry-helm-charts
  version: 0.123.1
- name: opentelemetry-collector
  repository: https://open-telemetry.github.io/opentelemetry-helm-charts
  version: 0.173.1
- name: opentelemetry-collector
  repository: https://open-telemetry.github.io/opentelemetry-helm-charts
  version: 0.173.1
- name: grafana
  repository: https://grafana.github.io/helm-charts
  version: 10.5.15
digest: sha256:83d80eb44c93d4a8df9844db6cef3e1e6f6454972c7989967b6f110e292caa66
generated: "2026-09-28T17:19:43.254726114Z"
