version = 1
revision = 5
requires-python = "==3.13.*"

[[package]]
name = "click"
version = "8.5.0"
source = { registry = "https://pypi.org/simple" }
sdist = { url = "https://files.pythonhosted.org/packages/c7/0e/7fa0ef50764b67090eca4114772a2abf8b6148198475e54c660b97caeee6/click-8.5.0.tar.gz", hash = "sha256:ba0d2089de75ea0310e2dde03160e6ca10009947fb95a182f9b54021bb272e34", size = 382235, upload-time = "2026-08-26T13:33:14.56Z" }
wheels = [
    { url = "https://files.pythonhosted.org/packages/58/50/6c0d534c5f134586a8e1ba4e330569e32f057e33372ae556463212fb4cd3/click-8.5.0-py3-none-any.whl", hash = "sha256:255bc9599cf7748b4b1a446ccc735421bd08a2ae529a8b88597d3de5664ee360", size = 125251, upload-time = "2026-08-26T13:33:12.928Z" },
]

[[package]]
name = "deepmerge"
version = "3.0.1"
source = { registry = "https://pypi.org/simple" }
sdist = { url = "https://files.pythonhosted.org/packages/38/6e/5cb3548b4d3112fea529375e55e6f3cdc52b8054e3a66f203b1f888ba885/deepmerge-3.0.1.tar.gz", hash = "sha256:35b39a4cb92cf328d6eca61cbbf65f68a37c2ceb3085f0f853cbb2e52a59fc23", size = 22328, upload-time = "2026-09-01T14:09:44.383Z" }
wheels = [
    { url = "https://files.pythonhosted.org/packages/20/91/600003aaad107e27553fbc9cbfc57e96fa37e0223d2ef9d7d3a0e8d8d070/deepmerge-3.0.1-py3-none-any.whl", hash = "sha256:35c96f6a68fcf90719a5b31d9f8042ecef6c00fb56836660d33455d0f5cfda65", size = 14909, upload-time = "2026-09-01T14:09:43.364Z" },
]

[[package]]
name = "greenlet"
version = "3.5.6"
source = { registry = "https://pypi.org/simple" }
sdist = { url = "https://files.pythonhosted.org/packages/3e/6e/0091f175ccd02b02bc8811bbcbcc6ac2e980be116e3b2f7a736ca322bf84/greenlet-3.5.6.tar.gz", hash = "sha256:8e67c43bdfc88d5fee6db0d3e40175b362fc95fb85f0412d233b9b203c53a575", size = 207653, upload-time = "2026-09-14T15:42:51.806Z" }
wheels = [
    { url = "https://files.pythonhosted.org/packages/f1/a1/e720a38852366c589e1a46cf570b886507ad2cf591050c203365638baab0/greenlet-3.5.6-cp313-cp313-macosx_11_0_universal2.whl", hash = "sha256:f96f0e30b5a95c7631b12bfe214cbc90ec8fe8cfa36920596c10514a65743519", size = 294627, upload-time = "2026-09-14T14:24:40.102Z" },
    { url = "https://files.pythonhosted.org/packages/eb/c3/58187858df41354a11e6a55b421e7af9059798abdab3a384cc51b8567c38/greenlet-3.5.6-cp313-cp313-manylinux_2_24_aarch64.manylinux_2_28_aarch64.whl", hash = "sha256:c75116c9de79949de23006e2d9b35ee82874c594fcf5c0311b439acaa14b8441", size = 614356, upload-time = "2026-09-14T15:12:03.399Z" },
    { url = "https://files.pythonhosted.org/packages/ce/b9/3a7e67d5f05c9760b1ad411fa52264bd69cc08e22a2ebfb4018b90628ced/greenlet-3.5.6-cp313-cp313-manylinux_2_24_ppc64le.manylinux_2_28_ppc64le.whl", hash = "sha256:cad5782f93f7f738b62c6527b6f32a60694d924029f299a8b524758cfa53d815", size = 626756, upload-time = "2026-09-14T15:20:44.269Z" },
    { url = "https://files.pythonhosted.org/packages/c6/7c/40400455f5b5a65bb83e94fde66d1be9e5ec518638113f8083ace746c309/greenlet-3.5.6-cp313-cp313-manylinux_2_24_s390x.manylinux_2_28_s390x.whl", hash = "sha256:a93ee7c6e8fd0f8a83525a51bd777be57ee17787e91d805bd8d6faf9dcada18e", size = 632632, upload-time = "2026-09-14T15:25:07.813Z" },
    { url = "https://files.pythonhosted.org/packages/85/cb/ab0c123c514ed4e94c0dc9ee2e86362633e6b998cfc05de7fc9ac2eb9690/greenlet-3.5.6-cp313-cp313-manylinux_2_24_x86_64.manylinux_2_28_x86_64.whl", hash = "sha256:f98e8215e172f567ce80eeaed9107fb4d32b6c44f26983d9b8334658136a205a", size = 623779, upload-time = "2026-09-14T14:36:01.104Z" },
    { url = "https://files.pythonhosted.org/packages/f9/67/1f35cff30a6c51c3f23b63d4afcc7313ab4f97490ba3676fa78178984b27/greenlet-3.5.6-cp313-cp313-manylinux_2_39_riscv64.whl", hash = "sha256:7f731ebac68ea06d628658295cb2d217b10186329fcf9a3b6a149045059bf92e", size = 434933, upload-time = "2026-09-14T15:28:38.858Z" },
    { url = "https://files.pythonhosted.org/packages/a5/26/fda8a5a06e7073333ccb038133c5893b9e0c4fe29d5992a17e83c241bc6e/greenlet-3.5.6-cp313-cp313-musllinux_1_2_aarch64.whl", hash = "sha256:df19e2d0b1620039af5102563fbd96e8938c7f5c3f5828528d641d9fc585525e", size = 1584930, upload-time = "2026-09-14T15:10:08.234Z" },
    { url = "https://files.pythonhosted.org/packages/2f/37/50f8813163148d6234e08b23dcad6a9e37f01d148c8ec976e4c44ea2d918/greenlet-3.5.6-cp313-cp313-musllinux_1_2_x86_64.whl", hash = "sha256:06c0e933290fba8ffe53ead4ae1b8044b0e9754b75cebf381aa2bc3e50d82fac", size = 1647590, upload-time = "2026-09-14T14:35:51.173Z" },
    { url = "https://files.pythonhosted.org/packages/86/da/b7669b09586365654083a62bd0724cf06cb74bd5085a15cdd161271f992f/greenlet-3.5.6-cp313-cp313-win_amd64.whl", hash = "sha256:5b602b4201b965a8354d74e232364a66ff243dd142e350d035f46169bb36e13d", size = 324086, upload-time = "2026-09-14T14:23:48.428Z" },
    { url = "https://files.pythonhosted.org/packages/e5/5d/c9663cfe84a2a9e0aa96f066f5b0594c227ea4c647511e087e2e11d4ac0a/greenlet-3.5.6-cp313-cp313-win_arm64.whl", hash = "sha256:876077e7ebb8c84ed068e2b23d4c62ebb010d60df84b9591af1be2f39010ffb2", size = 308211, upload-time = "2026-09-14T14:28:01.634Z" },
]

[[package]]
name = "jinja2"
version = "3.1.6"
source = { registry = "https://pypi.org/simple" }
dependencies = [
    { name = "markupsafe" },
]
sdist = { url = "https://files.pythonhosted.org/packages/df/bf/f7da0350254c0ed7c72f3e33cef02e048281fec7ecec5f032d4aac52226b/jinja2-3.1.6.tar.gz", hash = "sha256:0137fb05990d35f1275a587e9aee6d56da821fc83491a0fb838183be43f66d6d", size = 245115, upload-time = "2025-03-05T20:05:02.478Z" }
wheels = [
    { url = "https://files.pythonhosted.org/packages/62/a1/3d680cbfd5f4b8f15abc1d571870c5fc3e594bb582bc3b64ea099db13e56/jinja2-3.1.6-py3-none-any.whl", hash = "sha256:85ece4451f492d0c13c5dd7c13a64681a86afae63a5f347908daf103ce6d2f67", size = 134899, upload-time = "2025-03-05T20:05:00.369Z" },
]

[[package]]
name = "loco-docs"
version = "0.1.0"
source = { virtual = "." }
dependencies = [
    { name = "zensical" },
]

[package.dev-dependencies]
dev = [
    { name = "playwright" },
]

[package.metadata]
requires-dist = [{ name = "zensical", specifier = "==0.0.69" }]

[package.metadata.requires-dev]
dev = [{ name = "playwright", specifier = "==1.63.0" }]

[[package]]
name = "markdown"
version = "3.11"
source = { registry = "https://pypi.org/simple" }
sdist = { url = "https://files.pythonhosted.org/packages/f8/4f/700155c8c20d9e655dd0732b5fc3c7614f291b9148da271d7388e50bf774/markdown-3.11.tar.gz", hash = "sha256:180224db6aed87ba9ce1f2781ebcd5826253de8ff637112090e24b84502bbf9f", size = 485623, upload-time = "2026-09-25T13:46:23.473Z" }
wheels = [
    { url = "https://files.pythonhosted.org/packages/ec/1e/32971905a7ab47f8b66866ed949fa48b104ba1c4a6fa57794c4f2c4b2cb8/markdown-3.11-py3-none-any.whl", hash = "sha256:cd6c89e7eb308c8b332ed673215a52d208a43f8bacc030b1419376129408719e", size = 111296, upload-time = "2026-09-25T13:46:22.163Z" },
]

[[package]]
name = "markupsafe"
version = "3.0.4"
source = { registry = "https://pypi.org/simple" }
sdist = { url = "https://files.pythonhosted.org/packages/38/9b/e422a865e1d5d57d0e509b4e0bf1c1a70a7f6382c29a5aa428df994c8bc8/markupsafe-3.0.4.tar.gz", hash = "sha256:2e9ad7dd851bf45fab9f75cbff4cb493fee9979e8d8c7c9c3ee119022518edd6", size = 153777, upload-time = "2026-10-02T23:07:22.29Z" }
wheels = [
    { url = "https://files.pythonhosted.org/packages/6d/18/4bc5ba32499e87bb2b0ef5b3a9bb9c00a131fa961ddf0be548cb550f548b/markupsafe-3.0.4-cp313-cp313-android_24_arm64_v8a.whl", hash = "sha256:de8b364c423ef0a4bad9069657d617f9a5d2b2062457a89b1fa16ee199c399c1", size = 12786, upload-time = "2026-10-02T23:05:08.709Z" },
    { url = "https://files.pythonhosted.org/packages/4e/6f/17f0c099bf25f3e31e63cc19244d9f6af861a9a4ab778c203997903cfdd0/markupsafe-3.0.4-cp313-cp313-android_24_x86_64.whl", hash = "sha256:34bdde374c5932765d7dc685c4a1d191a3207852d67e8e0a9eb6ea85156181f1", size = 12510, upload-time = "2026-10-02T23:05:09.93Z" },
    { url = "https://files.pythonhosted.org/packages/11/af/1a141081b905036ee904ec4bd945e1f70b4e1b32d33c4e59e8cf1d58b247/markupsafe-3.0.4-cp313-cp313-ios_13_0_arm64_iphoneos.whl", hash = "sha256:6bd9e1788e15bfcf6a9082de42e30387e7b85d211ab21e57a939bb8cfaaf8d96", size = 11583, upload-time = "2026-10-02T23:05:10.884Z" },
    { url = "https://files.pythonhosted.org/packages/e7/0a/a89385ae590232622a03e091805cff12f24fabe6c11e0e8bae096cece81c/markupsafe-3.0.4-cp313-cp313-ios_13_0_arm64_iphonesimulator.whl", hash = "sha256:5066b244f576f91afc8ee3ba029a89f99d39c79b1853fe9d39bea9f0afbec148", size = 11801, upload-time = "2026-10-02T23:05:11.913Z" },
    { url = "https://files.pythonhosted.org/packages/ed/85/ea548dc013962eb73653124bc595635fbf9e0fa41d1f181a967ccb784dfb/markupsafe-3.0.4-cp313-cp313-ios_13_0_x86_64_iphonesimulator.whl", hash = "sha256:7a83aa6e4805df46fed18e989d3d16f86ef60cb50bbc8d9ce3a6be89165fbf6e", size = 11443, upload-time = "2026-10-02T23:05:12.887Z" },
    { url = "https://files.pythonhosted.org/packages/cc/72/15f2e5ec9cf2eb00d5cdfe968d94e4156a7bd7303832c3f3b2c403a36839/markupsafe-3.0.4-cp313-cp313-macosx_10_13_x86_64.whl", hash = "sha256:2d1b7d9308288661f56672b1b157d75fc536714d3638487bbea17b6318a78248", size = 11665, upload-time = "2026-10-02T23:05:13.829Z" },
    { url = "https://files.pythonhosted.org/packages/ca/e0/4030bea613677e333c8a2c901fd405055f657f9d06acba5b7357984b6ef7/markupsafe-3.0.4-cp313-cp313-macosx_11_0_arm64.whl", hash = "sha256:73e77980c7207854f00fc4e71fb1626868d5740ab4012623d55c7a99ad122a72", size = 12061, upload-time = "2026-10-02T23:05:14.807Z" },
    { url = "https://files.pythonhosted.org/packages/f3/a5/28b76a7449eb702966b88bef599e2360b411fbb3afeee8fe560939be06ec/markupsafe-3.0.4-cp313-cp313-manylinux2014_aarch64.manylinux_2_17_aarch64.manylinux_2_28_aarch64.whl", hash = "sha256:7018d4af1cd272e847aa5917983ab5e83e4f6579f9dbfecd4a79c0ca80b144c2", size = 24395, upload-time = "2026-10-02T23:05:15.909Z" },
    { url = "https://files.pythonhosted.org/packages/07/6c/21232811afc3a063b5e934b1ae2efda52f46154ec382f585149c020e61fe/markupsafe-3.0.4-cp313-cp313-manylinux2014_armv7l.manylinux_2_17_armv7l.manylinux_2_31_armv7l.whl", hash = "sha256:c90d5b3d4e944e065a301d741b3c1d784f6bd1f503aa68b4967e32b2ba313d85", size = 27183, upload-time = "2026-10-02T23:05:16.976Z" },
    { url = "https://files.pythonhosted.org/packages/14/38/6ccdfa5b59049cb36fb80cbc80aee9cf1fc9bb77d1335ad435f2070b08cf/markupsafe-3.0.4-cp313-cp313-manylinux2014_ppc64le.manylinux_2_17_ppc64le.manylinux_2_28_ppc64le.whl", hash = "sha256:18a801868a884f216e784d7d14db2a4077143ce7610440aee2ce8f734e7cfcde", size = 24772, upload-time = "2026-10-02T23:05:18.209Z" },
    { url = "https://files.pythonhosted.org/packages/63/e0/cec6865dfe88cb48fedd4b20aed6af5158e41092adcbf3e028bcc6ec2108/markupsafe-3.0.4-cp313-cp313-manylinux2014_x86_64.manylinux_2_17_x86_64.manylinux_2_28_x86_64.whl", hash = "sha256:434139499bb20b502ed3baa1f169e618f924a97e7a777fea1a49446d80106cf6", size = 23017, upload-time = "2026-10-02T23:05:19.286Z" },
    { url = "https://files.pythonhosted.org/packages/ee/76/6ed4940bb7648a9aac457c14f870cfdd5105f139a0fb1f29cd61fafa47d1/markupsafe-3.0.4-cp313-cp313-manylinux_2_31_riscv64.manylinux_2_39_riscv64.whl", hash = "sha256:9e227f3dbe6bde7491cf0a9965d00b88c6b1a4a95d11480ddf88bb96d397c19f", size = 22036, upload-time = "2026-10-02T23:05:20.352Z" },
    { url = "https://files.pythonhosted.org/packages/a1/4f/ed476226d4fe46a09090a36025bf319296810028df55eb12f1253b540f3a/markupsafe-3.0.4-cp313-cp313-musllinux_1_2_aarch64.whl", hash = "sha256:b8cd1f918b26fd7b1832ece557cc18f2d8747309ff8b3f0ef9d4250c5ad67a39", size = 23786, upload-time = "2026-10-02T23:05:21.576Z" },
    { url = "https://files.pythonhosted.org/packages/9a/35/66ff30450e35ef5fba9ebc930c9411747e537fd9447b65e44f5007e2b84d/markupsafe-3.0.4-cp313-cp313-musllinux_1_2_armv7l.whl", hash = "sha256:a5fcffb37e602b0b3c1638a97746b9b96125caa9bcf6fa41d337a9261de231ee", size = 22672, upload-time = "2026-10-02T23:05:22.922Z" },
    { url = "https://files.pythonhosted.org/packages/32/0b/72f45ce4b4efcbca4b80cf1b06703eff0be8d37e82abb78f66c85a7ead1e/markupsafe-3.0.4-cp313-cp313-musllinux_1_2_ppc64le.whl", hash = "sha256:5989cb26b2e1efc6a42216a9f6b5ee495ce5ace2e5b352a9af489976b32d1ee2", size = 24107, upload-time = "2026-10-02T23:05:24.175Z" },
    { url = "https://files.pythonhosted.org/packages/d2/03/71776e5fdcba04614b384cc102e8a4198208579d896fd1394cb7cb9aa900/markupsafe-3.0.4-cp313-cp313-musllinux_1_2_riscv64.whl", hash = "sha256:add96447a86d205ab616665d53b2950ee81083757f56e6ea833c8b2917646b46", size = 21615, upload-time = "2026-10-02T23:05:25.215Z" },
    { url = "https://files.pythonhosted.org/packages/ab/5f/801ce02a02e7aee0f784b1ec7843026178f6adeb9c93ac67eb1992a9a84d/markupsafe-3.0.4-cp313-cp313-musllinux_1_2_x86_64.whl", hash = "sha256:2628d3a8cb648ecebb3c5d6b0a1052d400e4d8b7ac0fb786be8d285b50040d17", size = 23076, upload-time = "2026-10-02T23:05:26.423Z" },
    { url = "https://files.pythonhosted.org/packages/4a/85/c43776625428f3bb4a61e8633940400e3efe6409e3c6f5bff26de5e45618/markupsafe-3.0.4-cp313-cp313-win32.whl", hash = "sha256:672d207103e6b16ca098611b0f9efad6bc00afd47c03d6ef62186495ca677dc0", size = 14118, upload-time = "2026-10-02T23:05:27.716Z" },
    { url = "https://files.pythonhosted.org/packages/6f/36/163da64de88a13db79214ef75fa041be7fa13bdb42261cf5b7484de14bfb/markupsafe-3.0.4-cp313-cp313-win_amd64.whl", hash = "sha256:1f1f9477e174582b0a1b583d60b66e1f2cf5d3fe12cee985e4aedf44766600e5", size = 14313, upload-time = "2026-10-02T23:05:28.749Z" },
    { url = "https://files.pythonhosted.org/packages/9f/a8/9b662783ffaa1149221432a923cee562f78b9cbbb8baa3df9b3753e63e1e/markupsafe-3.0.4-cp313-cp313-win_arm64.whl", hash = "sha256:06de8ef6331f6e822c28d577dc8bf43fe398800477c49498f38fc38b67ff33fc", size = 14189, upload-time = "2026-10-02T23:05:29.917Z" },
]

[[package]]
name = "pathspec"
version = "1.1.1"
source = { registry = "https://pypi.org/simple" }
sdist = { url = "https://files.pythonhosted.org/packages/5a/82/42f767fc1c1143d6fd36efb827202a2d997a375e160a71eb2888a925aac1/pathspec-1.1.1.tar.gz", hash = "sha256:17db5ecd524104a120e173814c90367a96a98d07c45b2e10c2f3919fff91bf5a", size = 135180, upload-time = "2026-04-27T01:46:08.907Z" }
wheels = [
    { url = "https://files.pythonhosted.org/packages/f1/d9/7fb5aa316bc299258e68c73ba3bddbc499654a07f151cba08f6153988714/pathspec-1.1.1-py3-none-any.whl", hash = "sha256:a00ce642f577bf7f473932318056212bc4f8bfdf53128c78bbd5af0b9b20b189", size = 57328, upload-time = "2026-04-27T01:46:07.06Z" },
]

[[package]]
name = "playwright"
version = "1.63.0"
source = { registry = "https://pypi.org/simple" }
dependencies = [
    { name = "greenlet" },
    { name = "pyee" },
]
wheels = [
    { url = "https://files.pythonhosted.org/packages/19/dd/fbb3d34228ad753bc14464d5f2252585b73367539775a88d0a3949cf5a45/playwright-1.63.0-py3-none-macosx_10_13_x86_64.whl", hash = "sha256:84c540759e8e7f01e690e197e04060f48899d37cea322299f255843273d3385d", size = 44278407, upload-time = "2026-09-15T16:49:06.045Z" },
    { url = "https://files.pythonhosted.org/packages/f5/9a/948b930b1a8c4ee869e5a139a2b7747caa06aab56a3f09a2f0abdcbda221/playwright-1.63.0-py3-none-macosx_11_0_arm64.whl", hash = "sha256:fd1aa00631d44d55e56e0975bf3f3f285fac4a9fd2813183f0c12a488f1a1b24", size = 42944679, upload-time = "2026-09-15T16:49:10.039Z" },
    { url = "https://files.pythonhosted.org/packages/94/11/dc5c13fa1602371603acd461be47529c1b3513815d3a0dc98f642c291a10/playwright-1.63.0-py3-none-macosx_11_0_universal2.whl", hash = "sha256:c89fc4736502a1f0fac2c8ca5d10c0cbc1c669f1f4774a2d8507a43140e4d53f", size = 44278410, upload-time = "2026-09-15T16:49:13.861Z" },
    { url = "https://files.pythonhosted.org/packages/27/9c/103a5037789062bdab27c7dca53f3ca6b075b572ab2cd96eec825b3aec4e/playwright-1.63.0-py3-none-manylinux1_x86_64.whl", hash = "sha256:ad21bc07516b187965a7521c5cf0df0bd657b17482eaad74335272d35a2b07de", size = 48217159, upload-time = "2026-09-15T16:49:17.404Z" },
    { url = "https://files.pythonhosted.org/packages/f3/82/3d85505284c5a210f2da6c07b8f757524e79d1fba9cfdafe1eafb766ae59/playwright-1.63.0-py3-none-manylinux_2_17_aarch64.manylinux2014_aarch64.whl", hash = "sha256:354e15b29503565fc598b89f16fbe070459343bef9d7498a93e304864000c6a7", size = 47902708, upload-time = "2026-09-15T16:49:21.055Z" },
    { url = "https://files.pythonhosted.org/packages/69/8d/f74ff6b52751859f4b69caf66aa7d4a3c8d6c1f0c7dc9920da103612ee39/playwright-1.63.0-py3-none-win32.whl", hash = "sha256:660c00c62639e31b16700ba5456b351ddba55bb766b7ce8261223aa34928e482", size = 38606075, upload-time = "2026-09-15T16:49:29.546Z" },
    { url = "https://files.pythonhosted.org/packages/76/eb/d6b8d92658038e260dbc7dd69fb3fdbe245aac283953de8b50b02bfe5f61/playwright-1.63.0-py3-none-win_amd64.whl", hash = "sha256:2f9a707a6c6c91157ed77bff2b8caeb04b3c8d46e70d585fc134298cbe4b5cc6", size = 38606082, upload-time = "2026-09-15T16:49:32.838Z" },
    { url = "https://files.pythonhosted.org/packages/be/75/2432b3e3c7c62103b72d4c4cc8b16a56383ada372bbb0d1278591e988f71/playwright-1.63.0-py3-none-win_arm64.whl", hash = "sha256:1e4a3a838ce22fb68ad17193fcd142a19610d9d70fb9966d2239f5dddc0cc05b", size = 34523554, upload-time = "2026-09-15T16:49:36.455Z" },
]

[[package]]
name = "pyee"
version = "13.0.1"
source = { registry = "https://pypi.org/simple" }
dependencies = [
    { name = "typing-extensions" },
]
sdist = { url = "https://files.pythonhosted.org/packages/8b/04/e7c1fe4dc78a6fdbfd6c337b1c3732ff543b8a397683ab38378447baa331/pyee-13.0.1.tar.gz", hash = "sha256:0b931f7c14535667ed4c7e0d531716368715e860b988770fc7eb8578d1f67fc8", size = 31655, upload-time = "2026-02-14T21:12:28.044Z" }
wheels = [
    { url = "https://files.pythonhosted.org/packages/a0/c4/b4d4827c93ef43c01f599ef31453ccc1c132b353284fc6c87d535c233129/pyee-13.0.1-py3-none-any.whl", hash = "sha256:af2f8fede4171ef667dfded53f96e2ed0d6e6bd7ee3bb46437f77e3b57689228", size = 15659, upload-time = "2026-02-14T21:12:26.263Z" },
]

[[package]]
name = "pygments"
version = "2.21.0"
source = { registry = "https://pypi.org/simple" }
sdist = { url = "https://files.pythonhosted.org/packages/49/2e/ced460408999b33da6b31b0021b0f37d329e202d4169aeb164493778f25b/pygments-2.21.0.tar.gz", hash = "sha256:610ca751c9bc2492b38eb9a38a7fbc93edbbb2d7182edaf34e66ae493dee5c8c", size = 5005329, upload-time = "2026-08-17T08:02:48.824Z" }
wheels = [
    { url = "https://files.pythonhosted.org/packages/71/46/17f022dd3e953bf20a04a028a21ec746d942f8d2af30fa0f124fa0e6a684/pygments-2.21.0-py3-none-any.whl", hash = "sha256:2363c69b61c4a97c838da3b130dcd6468f4848992b21a82f2a63ec34377137d9", size = 1250147, upload-time = "2026-08-17T08:02:44.912Z" },
]

[[package]]
name = "pymdown-extensions"
version = "12.1"
source = { registry = "https://pypi.org/simple" }
dependencies = [
    { name = "markdown" },
    { name = "pyyaml" },
]
sdist = { url = "https://files.pythonhosted.org/packages/2a/94/858e0163cb4d83d6d8234018a01792c749a56daee41794cac7d6c46661e8/pymdown_extensions-12.1.tar.gz", hash = "sha256:fdb8f47f5d7fd069d10ef2a7d8908e613d7865ff0419d544a0ffd3984e884f11", size = 868245, upload-time = "2026-09-23T00:08:42Z" }
wheels = [
    { url = "https://files.pythonhosted.org/packages/36/d1/98313da89960a604402266a115311b510254900ff1295ea426403f9423cc/pymdown_extensions-12.1-py3-none-any.whl", hash = "sha256:4a254b771acfcddc6c110a7f4590d818f1f849e2d5aacf69b4b07c8dd2a9700d", size = 277069, upload-time = "2026-09-23T00:08:40.069Z" },
]

[[package]]
name = "pyyaml"
version = "6.0.3"
source = { registry = "https://pypi.org/simple" }
sdist = { url = "https://files.pythonhosted.org/packages/05/8e/961c0007c59b8dd7729d542c61a4d537767a59645b82a0b521206e1e25c2/pyyaml-6.0.3.tar.gz", hash = "sha256:d76623373421df22fb4cf8817020cbb7ef15c725b9d5e45f17e189bfc384190f", size = 130960, upload-time = "2025-09-25T21:33:16.546Z" }
wheels = [
    { url = "https://files.pythonhosted.org/packages/d1/11/0fd08f8192109f7169db964b5707a2f1e8b745d4e239b784a5a1dd80d1db/pyyaml-6.0.3-cp313-cp313-macosx_10_13_x86_64.whl", hash = "sha256:8da9669d359f02c0b91ccc01cac4a67f16afec0dac22c2ad09f46bee0697eba8", size = 181669, upload-time = "2025-09-25T21:32:23.673Z" },
    { url = "https://files.pythonhosted.org/packages/b1/16/95309993f1d3748cd644e02e38b75d50cbc0d9561d21f390a76242ce073f/pyyaml-6.0.3-cp313-cp313-macosx_11_0_arm64.whl", hash = "sha256:2283a07e2c21a2aa78d9c4442724ec1eb15f5e42a723b99cb3d822d48f5f7ad1", size = 173252, upload-time = "2025-09-25T21:32:25.149Z" },
    { url = "https://files.pythonhosted.org/packages/50/31/b20f376d3f810b9b2371e72ef5adb33879b25edb7a6d072cb7ca0c486398/pyyaml-6.0.3-cp313-cp313-manylinux2014_aarch64.manylinux_2_17_aarch64.manylinux_2_28_aarch64.whl", hash = "sha256:ee2922902c45ae8ccada2c5b501ab86c36525b883eff4255313a253a3160861c", size = 767081, upload-time = "2025-09-25T21:32:26.575Z" },
    { url = "https://files.pythonhosted.org/packages/49/1e/a55ca81e949270d5d4432fbbd19dfea5321eda7c41a849d443dc92fd1ff7/pyyaml-6.0.3-cp313-cp313-manylinux2014_s390x.manylinux_2_17_s390x.manylinux_2_28_s390x.whl", hash = "sha256:a33284e20b78bd4a18c8c2282d549d10bc8408a2a7ff57653c0cf0b9be0afce5", size = 841159, upload-time = "2025-09-25T21:32:27.727Z" },
    { url = "https://files.pythonhosted.org/packages/74/27/e5b8f34d02d9995b80abcef563ea1f8b56d20134d8f4e5e81733b1feceb2/pyyaml-6.0.3-cp313-cp313-manylinux2014_x86_64.manylinux_2_17_x86_64.manylinux_2_28_x86_64.whl", hash = "sha256:0f29edc409a6392443abf94b9cf89ce99889a1dd5376d94316ae5145dfedd5d6", size = 801626, upload-time = "2025-09-25T21:32:28.878Z" },
    { url = "https://files.pythonhosted.org/packages/f9/11/ba845c23988798f40e52ba45f34849aa8a1f2d4af4b798588010792ebad6/pyyaml-6.0.3-cp313-cp313-musllinux_1_2_aarch64.whl", hash = "sha256:f7057c9a337546edc7973c0d3ba84ddcdf0daa14533c2065749c9075001090e6", size = 753613, upload-time = "2025-09-25T21:32:30.178Z" },
    { url = "https://files.pythonhosted.org/packages/3d/e0/7966e1a7bfc0a45bf0a7fb6b98ea03fc9b8d84fa7f2229e9659680b69ee3/pyyaml-6.0.3-cp313-cp313-musllinux_1_2_x86_64.whl", hash = "sha256:eda16858a3cab07b80edaf74336ece1f986ba330fdb8ee0d6c0d68fe82bc96be", size = 794115, upload-time = "2025-09-25T21:32:31.353Z" },
    { url = "https://files.pythonhosted.org/packages/de/94/980b50a6531b3019e45ddeada0626d45fa85cbe22300844a7983285bed3b/pyyaml-6.0.3-cp313-cp313-win32.whl", hash = "sha256:d0eae10f8159e8fdad514efdc92d74fd8d682c933a6dd088030f3834bc8e6b26", size = 137427, upload-time = "2025-09-25T21:32:32.58Z" },
    { url = "https://files.pythonhosted.org/packages/97/c9/39d5b874e8b28845e4ec2202b5da735d0199dbe5b8fb85f91398814a9a46/pyyaml-6.0.3-cp313-cp313-win_amd64.whl", hash = "sha256:79005a0d97d5ddabfeeea4cf676af11e647e41d81c9a7722a193022accdb6b7c", size = 154090, upload-time = "2025-09-25T21:32:33.659Z" },
    { url = "https://files.pythonhosted.org/packages/73/e8/2bdf3ca2090f68bb3d75b44da7bbc71843b19c9f2b9cb9b0f4ab7a5a4329/pyyaml-6.0.3-cp313-cp313-win_arm64.whl", hash = "sha256:5498cd1645aa724a7c71c8f378eb29ebe23da2fc0d7a08071d89469bf1d2defb", size = 140246, upload-time = "2025-09-25T21:32:34.663Z" },
]

[[package]]
name = "tomli"
version = "2.5.0"
source = { registry = "https://pypi.org/simple" }
sdist = { url = "https://files.pythonhosted.org/packages/b0/78/9ad63712633ed3ab5cc1a648d863d7e7da371e9425e209555a0fe711b695/tomli-2.5.0.tar.gz", hash = "sha256:264507556cd8b8c8e7c6ee037cdf443a463f03f4c958e57195e3d369711b8ff6", size = 17662, upload-time = "2026-10-07T12:23:37.892Z" }
wheels = [
    { url = "https://files.pythonhosted.org/packages/42/e5/51736d70da209350969e15aca5c5ab6e2ce1ea87a0a892a6c13aec172a86/tomli-2.5.0-cp313-cp313-macosx_10_13_x86_64.whl", hash = "sha256:943276cf269e0071948d9ff697159c1735e623c1151d88abb09b74659ef0cbea", size = 163328, upload-time = "2026-10-07T12:22:38.373Z" },
    { url = "https://files.pythonhosted.org/packages/ec/55/086f80dab4ab497602644274e6dea7ec5dd0b4e262e443a8ad3bb7edee2d/tomli-2.5.0-cp313-cp313-macosx_11_0_arm64.whl", hash = "sha256:463b16086865b97facd8d0b3fb4cb7c544e3f58d2a69dc3113d6db9653fdb043", size = 162246, upload-time = "2026-10-07T12:22:39.673Z" },
    { url = "https://files.pythonhosted.org/packages/aa/eb/3ecc94459f3635c92321f4e7bde571323fdb2267c50e19e3188a281eae3b/tomli-2.5.0-cp313-cp313-manylinux2014_aarch64.manylinux_2_17_aarch64.manylinux_2_28_aarch64.whl", hash = "sha256:1245a6638fc4bb0a60af38a7d45413db34a13842027c77597c712c998c62fdf0", size = 272655, upload-time = "2026-10-07T12:22:41.08Z" },
    { url = "https://files.pythonhosted.org/packages/c0/d7/494fd1f0c37a621f1ad9975c2efadb523e8101f144ed6edb2e7fe64738f2/tomli-2.5.0-cp313-cp313-manylinux2014_x86_64.manylinux_2_17_x86_64.manylinux_2_28_x86_64.whl", hash = "sha256:5d8bac3d603c97e6854424e5b2b5b741bdbde387e09f162fb0446812b4a8362b", size = 283595, upload-time = "2026-10-07T12:22:42.222Z" },
    { url = "https://files.pythonhosted.org/packages/70/51/bb8d62b1317e6640866f6949b2d5855e5300f2c99d46de1cd245570bba65/tomli-2.5.0-cp313-cp313-musllinux_1_2_aarch64.whl", hash = "sha256:21e4cae4114aba25aa0d4f85cdf486d290fb35c0954d7bba536248da64d43066", size = 276253, upload-time = "2026-10-07T12:22:43.625Z" },
    { url = "https://files.pythonhosted.org/packages/66/f4/f46bd7f0763cd47de2db697dca9257c6a4adfd1a93b018cc75c8190ed5a8/tomli-2.5.0-cp313-cp313-musllinux_1_2_x86_64.whl", hash = "sha256:bbaefc84548d754be821bba7c4141c4787dda182f9e77f2f87b71213529efa7b", size = 283582, upload-time = "2026-10-07T12:22:44.983Z" },
    { url = "https://files.pythonhosted.org/packages/ac/03/70f2bcb2923a6db37818d917e124270a7f4cfd38ea576f5aa753a91c0ef5/tomli-2.5.0-cp313-cp313-win32.whl", hash = "sha256:abdbf6313b8d9efe157edeb7ab6eae4de064b1300ad31abf73755154b30abe68", size = 102628, upload-time = "2026-10-07T12:22:46.508Z" },
    { url = "https://files.pythonhosted.org/packages/dc/98/d52024bb5b0ff68b4f0d276d867f634c84a67319a7e9f6b7708a37742333/tomli-2.5.0-cp313-cp313-win_amd64.whl", hash = "sha256:fd4dc129784e0c5335bd4e61dfcc4487499a013419e655cf2da1d091b7e0efdc", size = 113301, upload-time = "2026-10-07T12:22:47.647Z" },
    { url = "https://files.pythonhosted.org/packages/6f/f2/540db3a70572a8c23a28aba3e9c358ce0ffffbafc990905c1343aa265b31/tomli-2.5.0-cp313-cp313-win_arm64.whl", hash = "sha256:69491c143d2fe063046e0301e62a810bed338fa4d1ce0fd870c27dc1e09b0d84", size = 109744, upload-time = "2026-10-07T12:22:48.925Z" },
    { url = "https://files.pythonhosted.org/packages/60/3f/3e3f8fd0919249b0200c80fbc4f9a1e70be19f9883da71dfb7f8b9ab8aca/tomli-2.5.0-py3-none-any.whl", hash = "sha256:32a7b79ac57a2e83670ce329ccf675798bc5a2094783a63676866b70503f2e2b", size = 14765, upload-time = "2026-10-07T12:23:36.875Z" },
]

[[package]]
name = "typing-extensions"
version = "4.16.0"
source = { registry = "https://pypi.org/simple" }
sdist = { url = "https://files.pythonhosted.org/packages/f6/cc/6253133b5bb138fc3306cebfbda2c520f545d36b5be2c7255cc528bb45d6/typing_extensions-4.16.0.tar.gz", hash = "sha256:dc983d19a509c94dba722ee6abd33940f7c05a89e243c47e907eb4db6f1a43e5", size = 113555, upload-time = "2026-07-02T08:40:05.92Z" }
wheels = [
    { url = "https://files.pythonhosted.org/packages/49/d3/b8441a820a491ddfc024b0b0cf0393375b75ea13866d9c66727e54c2fc80/typing_extensions-4.16.0-py3-none-any.whl", hash = "sha256:481caa481374e813c1b176ada14e97f1f67a4539ce9cfeb3f350d78d6370c2e8", size = 45571, upload-time = "2026-07-02T08:40:04.659Z" },
]

[[package]]
name = "zensical"
version = "0.0.69"
source = { registry = "https://pypi.org/simple" }
dependencies = [
    { name = "click" },
    { name = "deepmerge" },
    { name = "jinja2" },
    { name = "markdown" },
    { name = "pathspec" },
    { name = "pygments" },
    { name = "pymdown-extensions" },
    { name = "pyyaml" },
    { name = "tomli" },
]
sdist = { url = "https://files.pythonhosted.org/packages/5a/1d/e8a66a0e37982d4a8e9e2b57d0b54177b03b5f232559109efc024baf4fe3/zensical-0.0.69.tar.gz", hash = "sha256:1c9d25243249a4db16acabbfe18cc178016fd88cdacfbc33e399ffeade91932e", size = 4312939, upload-time = "2026-10-08T15:36:59.594Z" }
wheels = [
    { url = "https://files.pythonhosted.org/packages/7e/7b/aa9f69525a430c146cd42bcaa60e29ea3c9e963fd3f30cf6480155546c81/zensical-0.0.69-cp311-abi3-macosx_10_12_x86_64.whl", hash = "sha256:2a1858b34e8b97e95d30409d602c8e4b67abd042317afaddadbaf594ee201f12", size = 18108147, upload-time = "2026-10-08T15:36:33.044Z" },
    { url = "https://files.pythonhosted.org/packages/51/db/005b2c05d6be4f478dee031d50cf4cf9f98948e2e12136904836a360a0c4/zensical-0.0.69-cp311-abi3-macosx_11_0_arm64.whl", hash = "sha256:72e5956b565b6cc81b766e3a2efefbe730ce8d115186dd0531a927ba3ff8dffc", size = 17636936, upload-time = "2026-10-08T15:36:37.08Z" },
    { url = "https://files.pythonhosted.org/packages/86/32/c0fe3e0128873021f58ac2613966cba7278f17ed7ac929b202e4a3474f76/zensical-0.0.69-cp311-abi3-manylinux_2_17_aarch64.manylinux2014_aarch64.whl", hash = "sha256:40c8aa708c5d39c8cea9fec38d2fe4c6e08acf80585c00309f298c33c6da8a01", size = 18146896, upload-time = "2026-10-08T15:36:40.082Z" },
    { url = "https://files.pythonhosted.org/packages/b8/99/e0e6447da8e0c55549f399dfdbb38e18eb64e367e779ae97e08f6d4e5cdc/zensical-0.0.69-cp311-abi3-manylinux_2_17_armv7l.manylinux2014_armv7l.whl", hash = "sha256:d930b2ca0ef611446a566040c72469e59c87907029fbfb3dc5eed88738ea63b0", size = 18084079, upload-time = "2026-10-08T15:36:42.728Z" },
    { url = "https://files.pythonhosted.org/packages/5d/c6/5b56c8ae4d9ff5dd84dbf0fa7356441dc02a87e8d45d6a69b8c98fd97fec/zensical-0.0.69-cp311-abi3-manylinux_2_17_x86_64.manylinux2014_x86_64.whl", hash = "sha256:a335af5e74e0b6f488ab57e137f86e48cef44df98ac200342e8235e45cda34bd", size = 18623988, upload-time = "2026-10-08T15:36:45.711Z" },
    { url = "https://files.pythonhosted.org/packages/fc/67/02e9904f0b0c1b0ec7fe76e5a71594b972a5907c61e4723f9a19e39cff7c/zensical-0.0.69-cp311-abi3-musllinux_1_2_aarch64.whl", hash = "sha256:68f0e5a4d2228c213a9bd208b89fb52c39c766235a99a7a773c052521fa2053c", size = 18311730, upload-time = "2026-10-08T15:36:48.491Z" },
    { url = "https://files.pythonhosted.org/packages/c4/7e/b33ec1fa3d19bffc222c932a1d3b8c5d943aab945fe6d8a1c45d40af2f7d/zensical-0.0.69-cp311-abi3-musllinux_1_2_x86_64.whl", hash = "sha256:3c516e050f645849dc5c9e09574ebfa295ad42f5baad1f8419210c51b83e3bc4", size = 18881453, upload-time = "2026-10-08T15:36:51.062Z" },
    { url = "https://files.pythonhosted.org/packages/c3/b0/378c51119f3a1896caac1abbab3c2722810dbf2fb3e5fe8209b011a73613/zensical-0.0.69-cp311-abi3-win_amd64.whl", hash = "sha256:3bbabba57db1ee0ca1f7e64ee2ed9ef78d29e74854b2e5b1b06056a3a99972a4", size = 18806917, upload-time = "2026-10-08T15:36:53.944Z" },
    { url = "https://files.pythonhosted.org/packages/be/03/2dfe983d1e20005011a230724c2a907c29881884f69700992c0d62e49161/zensical-0.0.69-cp311-abi3-win_arm64.whl", hash = "sha256:5bd01df59abb2a5434658b3abf1f5b7a3bc4448b8b81f15f80a8fb9efccd02f3", size = 18221915, upload-time = "2026-10-08T15:36:57.107Z" },
]
